
Microsoft Visual Studio Solution File, Format Version 12.00
# Visual Studio 2012
Project("{FAE04EC0-301F-11D3-BF4B-00C04F79EFBC}") = "Example1", "Example1\Example1.csproj", "{365CD9FE-190C-4401-A856-88E66E51A32A}"
EndProject
Global
	GlobalSection(SolutionConfigurationPlatforms) = preSolution
		Debug|Any CPU = Debug|Any CPU
		Release|Any CPU = Release|Any CPU
	EndGlobalSection
	GlobalSection(ProjectConfigurationPlatforms) = postSolution
		{365CD9FE-190C-4401-A856-88E66E51A32A}.Debug|Any CPU.ActiveCfg = Debug|Any CPU
		{365CD9FE-190C-4401-A856-88E66E51A32A}.Debug|Any CPU.Build.0 = Debug|Any CPU
		{365CD9FE-190C-4401-A856-88E66E51A32A}.Release|Any CPU.ActiveCfg = Release|Any CPU
		{365CD9FE-190C-4401-A856-88E66E51A32A}.Release|Any CPU.Build.0 = Release|Any CPU
	EndGlobalSection
	GlobalSection(SolutionProperties) = preSolution
		HideSolutionNode = FALSE
	EndGlobalSection
EndGlobal
